
Microsoft Visual Studio Solution File, Format Version 12.00
# Visual Studio Version 16
VisualStudioVersion = 16.0.31229.75
MinimumVisualStudioVersion = 10.0.40219.1
Project("{FAE04EC0-301F-11D3-BF4B-00C04F79EFBC}") = "El_Projekte_Grande", "El_Projekte_Grande.csproj", "{36DA96C8-FEE0-4FC2-940B-530421711460}"
EndProject
Global
	GlobalSection(SolutionConfigurationPlatforms) = preSolution
		Debug|Any CPU = Debug|Any CPU
		Release|Any CPU = Release|Any CPU
	EndGlobalSection
	GlobalSection(ProjectConfigurationPlatforms) = postSolution
		{36DA96C8-FEE0-4FC2-940B-530421711460}.Debug|Any CPU.ActiveCfg = Debug|Any CPU
		{36DA96C8-FEE0-4FC2-940B-530421711460}.Debug|Any CPU.Build.0 = Debug|Any CPU
		{36DA96C8-FEE0-4FC2-940B-530421711460}.Release|Any CPU.ActiveCfg = Release|Any CPU
		{36DA96C8-FEE0-4FC2-940B-530421711460}.Release|Any CPU.Build.0 = Release|Any CPU
	EndGlobalSection
	GlobalSection(SolutionProperties) = preSolution
		HideSolutionNode = FALSE
	EndGlobalSection
	GlobalSection(ExtensibilityGlobals) = postSolution
		SolutionGuid = {5E50DF4D-6F46-4FAF-9F35-20B4C5C15FFA}
	EndGlobalSection
EndGlobal
